{
  "version": 4,
  "terraform_version": "1.9.3",
  "serial": 11,
  "lineage": "0e2cac35-8ae2-7910-7fc5-c87a5d49df8b",
  "outputs": {},
  "resources": [
    {
      "mode": "managed",
      "type": "azurerm_resource_group",
      "name": "aks-rg2",
      "provider": "provider[\"registry.terraform.io/hashicorp/azurerm\"]",
      "instances": [
        {
          "schema_version": 0,
          "attributes": {
            "id": "/subscriptions/02580222-54b0-45d2-b7bd-8e95bf861521/resourceGroups/aks-rg1-tf",
            "location": "centralus",
            "managed_by": "",
            "name": "aks-rg1-tf",
            "tags": {
              "demotag": "demotf",
              "env": "k8sdev"
            },
            "timeouts": null
          },
          "sensitive_attributes": [],
          "private": "eyJlMmJmYjczMC1lY2FhLTExZTYtOGY4OC0zNDM2M2JjN2M0YzAiOnsiY3JlYXRlIjo1NDAwMDAwMDAwMDAwLCJkZWxldGUiOjU0MDAwMDAwMDAwMDAsInJlYWQiOjMwMDAwMDAwMDAwMCwidXBkYXRlIjo1NDAwMDAwMDAwMDAwfX0="
        }
      ]
    }
  ],
  "check_results": null
}
